
Microsoft Visual Studio Solution File, Format Version 12.00
# Visual Studio Version 17
VisualStudioVersion = 17.10.35027.167
MinimumVisualStudioVersion = 10.0.40219.1
Project("{FAE04EC0-301F-11D3-BF4B-00C04F79EFBC}") = "ForLoop", "ForLoop\ForLoop.csproj", "{391F1CDA-D900-4E6A-B856-4188D1B9580E}"
EndProject
Global
	GlobalSection(SolutionConfigurationPlatforms) = preSolution
		Debug|Any CPU = Debug|Any CPU
		Release|Any CPU = Release|Any CPU
	EndGlobalSection
	GlobalSection(ProjectConfigurationPlatforms) = postSolution
		{391F1CDA-D900-4E6A-B856-4188D1B9580E}.Debug|Any CPU.ActiveCfg = Debug|Any CPU
		{391F1CDA-D900-4E6A-B856-4188D1B9580E}.Debug|Any CPU.Build.0 = Debug|Any CPU
		{391F1CDA-D900-4E6A-B856-4188D1B9580E}.Release|Any CPU.ActiveCfg = Release|Any CPU
		{391F1CDA-D900-4E6A-B856-4188D1B9580E}.Release|Any CPU.Build.0 = Release|Any CPU
	EndGlobalSection
	GlobalSection(SolutionProperties) = preSolution
		HideSolutionNode = FALSE
	EndGlobalSection
	GlobalSection(ExtensibilityGlobals) = postSolution
		SolutionGuid = {88BB7B10-5AFA-4F78-92EA-290603E873A1}
	EndGlobalSection
EndGlobal
